
Microsoft Visual Studio Solution File, Format Version 12.00
# Visual Studio 15
VisualStudioVersion = 15.0.28307.102
MinimumVisualStudioVersion = 10.0.40219.1
Project("{9A19103F-16F7-4668-BE54-9A1E7A4F7556}") = "Game2048", "Game2048\Game2048.csproj", "{99DD88FB-AE6C-4B2D-B694-78DD0494E2FB}"
EndProject
Project("{FAE04EC0-301F-11D3-BF4B-00C04F79EFBC}") = "XUnitTestProject", "XUnitTestProject\XUnitTestProject.csproj", "{E269AD78-BE29-4F8D-85C2-A5AC16EA2DC9}"
EndProject
Global
	GlobalSection(SolutionConfigurationPlatforms) = preSolution
		Debug|Any CPU = Debug|Any CPU
		Release|Any CPU = Release|Any CPU
	EndGlobalSection
	GlobalSection(ProjectConfigurationPlatforms) = postSolution
		{99DD88FB-AE6C-4B2D-B694-78DD0494E2FB}.Debug|Any CPU.ActiveCfg = Debug|Any CPU
		{99DD88FB-AE6C-4B2D-B694-78DD0494E2FB}.Debug|Any CPU.Build.0 = Debug|Any CPU
		{99DD88FB-AE6C-4B2D-B694-78DD0494E2FB}.Release|Any CPU.ActiveCfg = Release|Any CPU
		{99DD88FB-AE6C-4B2D-B694-78DD0494E2FB}.Release|Any CPU.Build.0 = Release|Any CPU
		{E269AD78-BE29-4F8D-85C2-A5AC16EA2DC9}.Debug|Any CPU.ActiveCfg = Debug|Any CPU
		{E269AD78-BE29-4F8D-85C2-A5AC16EA2DC9}.Debug|Any CPU.Build.0 = Debug|Any CPU
		{E269AD78-BE29-4F8D-85C2-A5AC16EA2DC9}.Release|Any CPU.ActiveCfg = Release|Any CPU
		{E269AD78-BE29-4F8D-85C2-A5AC16EA2DC9}.Release|Any CPU.Build.0 = Release|Any CPU
	EndGlobalSection
	GlobalSection(SolutionProperties) = preSolution
		HideSolutionNode = FALSE
	EndGlobalSection
	GlobalSection(ExtensibilityGlobals) = postSolution
		SolutionGuid = {CAF4914F-3EBA-44FA-AD00-44D086858D4D}
	EndGlobalSection
EndGlobal
